PODS:
  - Alamofire (4.9.1)
  - SDWebImage (5.3.2):
    - SDWebImage/Core (= 5.3.2)
  - SDWebImage/Core (5.3.2)
  - SwiftyJSON (5.0.0)

DEPENDENCIES:
  - Alamofire
  - SDWebImage (~> 5.0)
  - SwiftyJSON

SPEC REPOS:
  trunk:
    - Alamofire
    - SDWebImage
    - SwiftyJSON

SPEC CHECKSUMS:
  Alamofire: 85e8a02c69d6020a0d734f6054870d7ecb75cf18
  SDWebImage: 6ac2eb96571bff96ecde31a987172c5934a0eb7d
  SwiftyJSON: 36413e04c44ee145039d332b4f4e2d3e8d6c4db7

PODFILE CHECKSUM: d36c863a4c7eae6bcea4a5db550100f91e2db6a6

COCOAPODS: 1.8.4
